
Microsoft Visual Studio Solution File, Format Version 12.00
# Visual Studio 15
VisualStudioVersion = 15.0.27130.2027
MinimumVisualStudioVersion = 10.0.40219.1
Project("{FAE04EC0-301F-11D3-BF4B-00C04F79EFBC}") = "INotifyPropertyChanged101", "INotifyPropertyChanged101\INotifyPropertyChanged101.csproj", "{9CA79768-A318-40D8-8860-54F7DAD86F56}"
EndProject
Global
	GlobalSection(SolutionConfigurationPlatforms) = preSolution
		Debug|Any CPU = Debug|Any CPU
		Release|Any CPU = Release|Any CPU
	EndGlobalSection
	GlobalSection(ProjectConfigurationPlatforms) = postSolution
		{9CA79768-A318-40D8-8860-54F7DAD86F56}.Debug|Any CPU.ActiveCfg = Debug|Any CPU
		{9CA79768-A318-40D8-8860-54F7DAD86F56}.Debug|Any CPU.Build.0 = Debug|Any CPU
		{9CA79768-A318-40D8-8860-54F7DAD86F56}.Release|Any CPU.ActiveCfg = Release|Any CPU
		{9CA79768-A318-40D8-8860-54F7DAD86F56}.Release|Any CPU.Build.0 = Release|Any CPU
	EndGlobalSection
	GlobalSection(SolutionProperties) = preSolution
		HideSolutionNode = FALSE
	EndGlobalSection
	GlobalSection(ExtensibilityGlobals) = postSolution
		SolutionGuid = {F5CF8D3D-7361-432E-AADB-50D61F8EB3CF}
	EndGlobalSection
EndGlobal
